
Microsoft Visual Studio Solution File, Format Version 12.00
# Visual Studio Version 17
VisualStudioVersion = 17.0.31903.59
MinimumVisualStudioVersion = 10.0.40219.1
Project("{2150E333-8FDC-42A3-9474-1A3956D46DE8}") = "src", "src", "{B6073415-D697-4CCC-8AAA-AE8418997A4F}"
EndProject
Project("{FAE04EC0-301F-11D3-BF4B-00C04F79EFBC}") = "GroundTruthCuration.Api", "src\GroundTruthCuration.Api\GroundTruthCuration.Api.csproj", "{F27BCB3D-1293-4EED-B7B4-99B4ECE63349}"
EndProject
Project("{FAE04EC0-301F-11D3-BF4B-00C04F79EFBC}") = "GroundTruthCuration.Core", "src\GroundTruthCuration.Core\GroundTruthCuration.Core.csproj", "{D790FE06-2E2A-4B68-9344-B188873A26E0}"
EndProject
Project("{FAE04EC0-301F-11D3-BF4B-00C04F79EFBC}") = "GroundTruthCuration.Infrastructure", "src\GroundTruthCuration.Infrastructure\GroundTruthCuration.Infrastructure.csproj", "{5623730F-B2FD-4F41-9955-AAED56D7C8B2}"
EndProject
Global
	GlobalSection(SolutionConfigurationPlatforms) = preSolution
		Debug|Any CPU = Debug|Any CPU
		Release|Any CPU = Release|Any CPU
	EndGlobalSection
	GlobalSection(SolutionProperties) = preSolution
		HideSolutionNode = FALSE
	EndGlobalSection
	GlobalSection(ProjectConfigurationPlatforms) = postSolution
		{F27BCB3D-1293-4EED-B7B4-99B4ECE63349}.Debug|Any CPU.ActiveCfg = Debug|Any CPU
		{F27BCB3D-1293-4EED-B7B4-99B4ECE63349}.Debug|Any CPU.Build.0 = Debug|Any CPU
		{F27BCB3D-1293-4EED-B7B4-99B4ECE63349}.Release|Any CPU.ActiveCfg = Release|Any CPU
		{F27BCB3D-1293-4EED-B7B4-99B4ECE63349}.Release|Any CPU.Build.0 = Release|Any CPU
		{D790FE06-2E2A-4B68-9344-B188873A26E0}.Debug|Any CPU.ActiveCfg = Debug|Any CPU
		{D790FE06-2E2A-4B68-9344-B188873A26E0}.Debug|Any CPU.Build.0 = Debug|Any CPU
		{D790FE06-2E2A-4B68-9344-B188873A26E0}.Release|Any CPU.ActiveCfg = Release|Any CPU
		{D790FE06-2E2A-4B68-9344-B188873A26E0}.Release|Any CPU.Build.0 = Release|Any CPU
		{5623730F-B2FD-4F41-9955-AAED56D7C8B2}.Debug|Any CPU.ActiveCfg = Debug|Any CPU
		{5623730F-B2FD-4F41-9955-AAED56D7C8B2}.Debug|Any CPU.Build.0 = Debug|Any CPU
		{5623730F-B2FD-4F41-9955-AAED56D7C8B2}.Release|Any CPU.ActiveCfg = Release|Any CPU
		{5623730F-B2FD-4F41-9955-AAED56D7C8B2}.Release|Any CPU.Build.0 = Release|Any CPU
	EndGlobalSection
	GlobalSection(NestedProjects) = preSolution
		{F27BCB3D-1293-4EED-B7B4-99B4ECE63349} = {B6073415-D697-4CCC-8AAA-AE8418997A4F}
		{D790FE06-2E2A-4B68-9344-B188873A26E0} = {B6073415-D697-4CCC-8AAA-AE8418997A4F}
		{5623730F-B2FD-4F41-9955-AAED56D7C8B2} = {B6073415-D697-4CCC-8AAA-AE8418997A4F}
	EndGlobalSection
EndGlobal
